// !$*UTF8*$!
{
	archiveVersion = 1;
	classes = {
	};
	objectVersion = 46;
	objects = {

/* Begin PBXBuildFile section */
		272D43611ECDFC7400C77BE1 /* AppDelegate.swift in Sources */ = {isa = PBXBuildFile; fileRef = 272D43601ECDFC7400C77BE1 /* AppDelegate.swift */; };
		272D43631ECDFC7400C77BE1 /* MainVC.swift in Sources */ = {isa = PBXBuildFile; fileRef = 272D43621ECDFC7400C77BE1 /* MainVC.swift */; };
		272D43661ECDFC7400C77BE1 /* Main.storyboard in Resources */ = {isa = PBXBuildFile; fileRef = 272D43641ECDFC7400C77BE1 /* Main.storyboard */; };
		272D43691ECDFC7400C77BE1 /* DreamLister.xcdatamodeld in Sources */ = {isa = PBXBuildFile; fileRef = 272D43671ECDFC7400C77BE1 /* DreamLister.xcdatamodeld */; };
		272D436B1ECDFC7400C77BE1 /* Assets.xcassets in Resources */ = {isa = PBXBuildFile; fileRef = 272D436A1ECDFC7400C77BE1 /* Assets.xcassets */; };
		272D436E1ECDFC7400C77BE1 /* LaunchScreen.storyboard in Resources */ = {isa = PBXBuildFile; fileRef = 272D436C1ECDFC7400C77BE1 /* LaunchScreen.storyboard */; };
		272D437D1ECE007500C77BE1 /* ItemType+CoreDataClass.swift in Sources */ = {isa = PBXBuildFile; fileRef = 272D43751ECE007500C77BE1 /* ItemType+CoreDataClass.swift */; };
		272D437E1ECE007500C77BE1 /* ItemType+CoreDataProperties.swift in Sources */ = {isa = PBXBuildFile; fileRef = 272D43761ECE007500C77BE1 /* ItemType+CoreDataProperties.swift */; };
		272D437F1ECE007500C77BE1 /* Store+CoreDataClass.swift in Sources */ = {isa = PBXBuildFile; fileRef = 272D43771ECE007500C77BE1 /* Store+CoreDataClass.swift */; };
		272D43801ECE007500C77BE1 /* Store+CoreDataProperties.swift in Sources */ = {isa = PBXBuildFile; fileRef = 272D43781ECE007500C77BE1 /* Store+CoreDataProperties.swift */; };
		272D43811ECE007500C77BE1 /* Image+CoreDataClass.swift in Sources */ = {isa = PBXBuildFile; fileRef = 272D43791ECE007500C77BE1 /* Image+CoreDataClass.swift */; };
		272D43821ECE007500C77BE1 /* Image+CoreDataProperties.swift in Sources */ = {isa = PBXBuildFile; fileRef = 272D437A1ECE007500C77BE1 /* Image+CoreDataProperties.swift */; };
		272D43831ECE007500C77BE1 /* Item+CoreDataClass.swift in Sources */ = {isa = PBXBuildFile; fileRef = 272D437B1ECE007500C77BE1 /* Item+CoreDataClass.swift */; };
		272D43841ECE007500C77BE1 /* Item+CoreDataProperties.swift in Sources */ = {isa = PBXBuildFile; fileRef = 272D437C1ECE007500C77BE1 /* Item+CoreDataProperties.swift */; };
		272D43891ECE0B7F00C77BE1 /* MaterialView.swift in Sources */ = {isa = PBXBuildFile; fileRef = 272D43881ECE0B7F00C77BE1 /* MaterialView.swift */; };
		272D438B1ECE563A00C77BE1 /* ItemCell.swift in Sources */ = {isa = PBXBuildFile; fileRef = 272D438A1ECE563A00C77BE1 /* ItemCell.swift */; };
		272D438E1ECE72DC00C77BE1 /* ItemDetailsVC.swift in Sources */ = {isa = PBXBuildFile; fileRef = 272D438D1ECE72DC00C77BE1 /* ItemDetailsVC.swift */; };
		272D43901ECE75EC00C77BE1 /* CustomTextField.swift in Sources */ = {isa = PBXBuildFile; fileRef = 272D438F1ECE75EC00C77BE1 /* CustomTextField.swift */; };
/* End PBXBuildFile section */

/* Begin PBXFileReference section */
		272D435D1ECDFC7400C77BE1 /* DreamLister.app */ = {isa = PBXFileReference; explicitFileType = wrapper.application; includeInIndex = 0; path = DreamLister.app; sourceTree = BUILT_PRODUCTS_DIR; };
		272D43601ECDFC7400C77BE1 /* AppDelegate.swift */ = {isa = PBXFileReference; lastKnownFileType = sourcecode.swift; path = AppDelegate.swift; sourceTree = "<group>"; };
		272D43621ECDFC7400C77BE1 /* MainVC.swift */ = {isa = PBXFileReference; lastKnownFileType = sourcecode.swift; path = MainVC.swift; sourceTree = "<group>"; };
		272D43651ECDFC7400C77BE1 /* Base */ = {isa = PBXFileReference; lastKnownFileType = file.storyboard; name = Base; path = Base.lproj/Main.storyboard; sourceTree = "<group>"; };
		272D43681ECDFC7400C77BE1 /* DreamLister.xcdatamodel */ = {isa = PBXFileReference; lastKnownFileType = wrapper.xcdatamodel; path = DreamLister.xcdatamodel; sourceTree = "<group>"; };
		272D436A1ECDFC7400C77BE1 /* Assets.xcassets */ = {isa = PBXFileReference; lastKnownFileType = folder.assetcatalog; path = Assets.xcassets; sourceTree = "<group>"; };
		272D436D1ECDFC7400C77BE1 /* Base */ = {isa = PBXFileReference; lastKnownFileType = file.storyboard; name = Base; path = Base.lproj/LaunchScreen.storyboard; sourceTree = "<group>"; };
		272D436F1ECDFC7400C77BE1 /* Info.plist */ = {isa = PBXFileReference; lastKnownFileType = text.plist.xml; path = Info.plist; sourceTree = "<group>"; };
		272D43751ECE007500C77BE1 /* ItemType+CoreDataClass.swift */ = {isa = PBXFileReference; fileEncoding = 4; lastKnownFileType = sourcecode.swift; path = "ItemType+CoreDataClass.swift"; sourceTree = "<group>"; };
		272D43761ECE007500C77BE1 /* ItemType+CoreDataProperties.swift */ = {isa = PBXFileReference; fileEncoding = 4; lastKnownFileType = sourcecode.swift; path = "ItemType+CoreDataProperties.swift"; sourceTree = "<group>"; };
		272D43771ECE007500C77BE1 /* Store+CoreDataClass.swift */ = {isa = PBXFileReference; fileEncoding = 4; lastKnownFileType = sourcecode.swift; path = "Store+CoreDataClass.swift"; sourceTree = "<group>"; };
		272D43781ECE007500C77BE1 /* Store+CoreDataProperties.swift */ = {isa = PBXFileReference; fileEncoding = 4; lastKnownFileType = sourcecode.swift; path = "Store+CoreDataProperties.swift"; sourceTree = "<group>"; };
		272D43791ECE007500C77BE1 /* Image+CoreDataClass.swift */ = {isa = PBXFileReference; fileEncoding = 4; lastKnownFileType = sourcecode.swift; path = "Image+CoreDataClass.swift"; sourceTree = "<group>"; };
		272D437A1ECE007500C77BE1 /* Image+CoreDataProperties.swift */ = {isa = PBXFileReference; fileEncoding = 4; lastKnownFileType = sourcecode.swift; path = "Image+CoreDataProperties.swift"; sourceTree = "<group>"; };
		272D437B1ECE007500C77BE1 /* Item+CoreDataClass.swift */ = {isa = PBXFileReference; fileEncoding = 4; lastKnownFileType = sourcecode.swift; path = "Item+CoreDataClass.swift"; sourceTree = "<group>"; };
		272D437C1ECE007500C77BE1 /* Item+CoreDataProperties.swift */ = {isa = PBXFileReference; fileEncoding = 4; lastKnownFileType = sourcecode.swift; path = "Item+CoreDataProperties.swift"; sourceTree = "<group>"; };
		272D43881ECE0B7F00C77BE1 /* MaterialView.swift */ = {isa = PBXFileReference; fileEncoding = 4; lastKnownFileType = sourcecode.swift; path = MaterialView.swift; sourceTree = "<group>"; };
		272D438A1ECE563A00C77BE1 /* ItemCell.swift */ = {isa = PBXFileReference; fileEncoding = 4; lastKnownFileType = sourcecode.swift; path = ItemCell.swift; sourceTree = "<group>"; };
		272D438D1ECE72DC00C77BE1 /* ItemDetailsVC.swift */ = {isa = PBXFileReference; fileEncoding = 4; lastKnownFileType = sourcecode.swift; path = ItemDetailsVC.swift; sourceTree = "<group>"; };
		272D438F1ECE75EC00C77BE1 /* CustomTextField.swift */ = {isa = PBXFileReference; fileEncoding = 4; lastKnownFileType = sourcecode.swift; path = CustomTextField.swift; sourceTree = "<group>"; };
/* End PBXFileReference section */

/* Begin PBXFrameworksBuildPhase section */
		272D435A1ECDFC7400C77BE1 /* Frameworks */ = {
			isa = PBXFrameworksBuildPhase;
			buildActionMask = 2147483647;
			files = (
			);
			runOnlyForDeploymentPostprocessing = 0;
		};
/* End PBXFrameworksBuildPhase section */

/* Begin PBXGroup section */
		272D43541ECDFC7400C77BE1 = {
			isa = PBXGroup;
			children = (
				272D435F1ECDFC7400C77BE1 /* DreamLister */,
				272D435E1ECDFC7400C77BE1 /* Products */,
			);
			sourceTree = "<group>";
		};
		272D435E1ECDFC7400C77BE1 /* Products */ = {
			isa = PBXGroup;
			children = (
				272D435D1ECDFC7400C77BE1 /* DreamLister.app */,
			);
			name = Products;
			sourceTree = "<group>";
		};
		272D435F1ECDFC7400C77BE1 /* DreamLister */ = {
			isa = PBXGroup;
			children = (
				272D43871ECE0B6300C77BE1 /* View */,
				272D43851ECE007E00C77BE1 /* Model */,
				272D43601ECDFC7400C77BE1 /* AppDelegate.swift */,
				272D438C1ECE729200C77BE1 /* Controller */,
				272D43641ECDFC7400C77BE1 /* Main.storyboard */,
				272D436A1ECDFC7400C77BE1 /* Assets.xcassets */,
				272D436C1ECDFC7400C77BE1 /* LaunchScreen.storyboard */,
				272D436F1ECDFC7400C77BE1 /* Info.plist */,
				272D43671ECDFC7400C77BE1 /* DreamLister.xcdatamodeld */,
			);
			path = DreamLister;
			sourceTree = "<group>";
		};
		272D43851ECE007E00C77BE1 /* Model */ = {
			isa = PBXGroup;
			children = (
				272D43751ECE007500C77BE1 /* ItemType+CoreDataClass.swift */,
				272D43771ECE007500C77BE1 /* Store+CoreDataClass.swift */,
				272D43791ECE007500C77BE1 /* Image+CoreDataClass.swift */,
				272D437B1ECE007500C77BE1 /* Item+CoreDataClass.swift */,
				272D43861ECE008800C77BE1 /* Generated */,
			);
			name = Model;
			sourceTree = "<group>";
		};
		272D43861ECE008800C77BE1 /* Generated */ = {
			isa = PBXGroup;
			children = (
				272D43761ECE007500C77BE1 /* ItemType+CoreDataProperties.swift */,
				272D43781ECE007500C77BE1 /* Store+CoreDataProperties.swift */,
				272D437A1ECE007500C77BE1 /* Image+CoreDataProperties.swift */,
				272D437C1ECE007500C77BE1 /* Item+CoreDataProperties.swift */,
			);
			name = Generated;
			sourceTree = "<group>";
		};
		272D43871ECE0B6300C77BE1 /* View */ = {
			isa = PBXGroup;
			children = (
				272D438F1ECE75EC00C77BE1 /* CustomTextField.swift */,
				272D43881ECE0B7F00C77BE1 /* MaterialView.swift */,
				272D438A1ECE563A00C77BE1 /* ItemCell.swift */,
			);
			name = View;
			sourceTree = "<group>";
		};
		272D438C1ECE729200C77BE1 /* Controller */ = {
			isa = PBXGroup;
			children = (
				272D43621ECDFC7400C77BE1 /* MainVC.swift */,
				272D438D1ECE72DC00C77BE1 /* ItemDetailsVC.swift */,
			);
			name = Controller;
			sourceTree = "<group>";
		};
/* End PBXGroup section */

/* Begin PBXNativeTarget section */
		272D435C1ECDFC7400C77BE1 /* DreamLister */ = {
			isa = PBXNativeTarget;
			buildConfigurationList = 272D43721ECDFC7400C77BE1 /* Build configuration list for PBXNativeTarget "DreamLister" */;
			buildPhases = (
				272D43591ECDFC7400C77BE1 /* Sources */,
				272D435A1ECDFC7400C77BE1 /* Frameworks */,
				272D435B1ECDFC7400C77BE1 /* Resources */,
			);
			buildRules = (
			);
			dependencies = (
			);
			name = DreamLister;
			productName = DreamLister;
			productReference = 272D435D1ECDFC7400C77BE1 /* DreamLister.app */;
			productType = "com.apple.product-type.application";
		};
/* End PBXNativeTarget section */

/* Begin PBXProject section */
		272D43551ECDFC7400C77BE1 /* Project object */ = {
			isa = PBXProject;
			attributes = {
				LastSwiftUpdateCheck = 0830;
				LastUpgradeCheck = 0830;
				ORGANIZATIONNAME = "William McDermott";
				TargetAttributes = {
					272D435C1ECDFC7400C77BE1 = {
						CreatedOnToolsVersion = 8.3.2;
						LastSwiftMigration = 0830;
						ProvisioningStyle = Automatic;
					};
				};
			};
			buildConfigurationList = 272D43581ECDFC7400C77BE1 /* Build configuration list for PBXProject "DreamLister" */;
			compatibilityVersion = "Xcode 3.2";
			developmentRegion = English;
			hasScannedForEncodings = 0;
			knownRegions = (
				en,
				Base,
			);
			mainGroup = 272D43541ECDFC7400C77BE1;
			productRefGroup = 272D435E1ECDFC7400C77BE1 /* Products */;
			projectDirPath = "";
			projectRoot = "";
			targets = (
				272D435C1ECDFC7400C77BE1 /* DreamLister */,
			);
		};
/* End PBXProject section */

/* Begin PBXResourcesBuildPhase section */
		272D435B1ECDFC7400C77BE1 /* Resources */ = {
			isa = PBXResourcesBuildPhase;
			buildActionMask = 2147483647;
			files = (
				272D436E1ECDFC7400C77BE1 /* LaunchScreen.storyboard in Resources */,
				272D436B1ECDFC7400C77BE1 /* Assets.xcassets in Resources */,
				272D43661ECDFC7400C77BE1 /* Main.storyboard in Resources */,
			);
			runOnlyForDeploymentPostprocessing = 0;
		};
/* End PBXResourcesBuildPhase section */

/* Begin PBXSourcesBuildPhase section */
		272D43591ECDFC7400C77BE1 /* Sources */ = {
			isa = PBXSourcesBuildPhase;
			buildActionMask = 2147483647;
			files = (
				272D438B1ECE563A00C77BE1 /* ItemCell.swift in Sources */,
				272D43831ECE007500C77BE1 /* Item+CoreDataClass.swift in Sources */,
				272D43821ECE007500C77BE1 /* Image+CoreDataProperties.swift in Sources */,
				272D437D1ECE007500C77BE1 /* ItemType+CoreDataClass.swift in Sources */,
				272D43891ECE0B7F00C77BE1 /* MaterialView.swift in Sources */,
				272D437F1ECE007500C77BE1 /* Store+CoreDataClass.swift in Sources */,
				272D437E1ECE007500C77BE1 /* ItemType+CoreDataProperties.swift in Sources */,
				272D43811ECE007500C77BE1 /* Image+CoreDataClass.swift in Sources */,
				272D438E1ECE72DC00C77BE1 /* ItemDetailsVC.swift in Sources */,
				272D43631ECDFC7400C77BE1 /* MainVC.swift in Sources */,
				272D43801ECE007500C77BE1 /* Store+CoreDataProperties.swift in Sources */,
				272D43611ECDFC7400C77BE1 /* AppDelegate.swift in Sources */,
				272D43841ECE007500C77BE1 /* Item+CoreDataProperties.swift in Sources */,
				272D43691ECDFC7400C77BE1 /* DreamLister.xcdatamodeld in Sources */,
				272D43901ECE75EC00C77BE1 /* CustomTextField.swift in Sources */,
			);
			runOnlyForDeploymentPostprocessing = 0;
		};
/* End PBXSourcesBuildPhase section */

/* Begin PBXVariantGroup section */
		272D43641ECDFC7400C77BE1 /* Main.storyboard */ = {
			isa = PBXVariantGroup;
			children = (
				272D43651ECDFC7400C77BE1 /* Base */,
			);
			name = Main.storyboard;
			sourceTree = "<group>";
		};
		272D436C1ECDFC7400C77BE1 /* LaunchScreen.storyboard */ = {
			isa = PBXVariantGroup;
			children = (
				272D436D1ECDFC7400C77BE1 /* Base */,
			);
			name = LaunchScreen.storyboard;
			sourceTree = "<group>";
		};
/* End PBXVariantGroup section */

/* Begin XCBuildConfiguration section */
		272D43701ECDFC7400C77BE1 /* Debug */ = {
			isa = XCBuildConfiguration;
			buildSettings = {
				ALWAYS_SEARCH_USER_PATHS = NO;
				CLANG_ANALYZER_NONNULL = YES;
				CLANG_ANALYZER_NUMBER_OBJECT_CONVERSION = YES_AGGRESSIVE;
				CLANG_CXX_LANGUAGE_STANDARD = "gnu++0x";
				CLANG_CXX_LIBRARY = "libc++";
				CLANG_ENABLE_MODULES = YES;
				CLANG_ENABLE_OBJC_ARC = YES;
				CLANG_WARN_BOOL_CONVERSION = YES;
				CLANG_WARN_CONSTANT_CONVERSION = YES;
				CLANG_WARN_DIRECT_OBJC_ISA_USAGE = YES_ERROR;
				CLANG_WARN_DOCUMENTATION_COMMENTS = YES;
				CLANG_WARN_EMPTY_BODY = YES;
				CLANG_WARN_ENUM_CONVERSION = YES;
				CLANG_WARN_INFINITE_RECURSION = YES;
				CLANG_WARN_INT_CONVERSION = YES;
				CLANG_WARN_OBJC_ROOT_CLASS = YES_ERROR;
				CLANG_WARN_SUSPICIOUS_MOVE = YES;
				CLANG_WARN_UNREACHABLE_CODE = YES;
				CLANG_WARN__DUPLICATE_METHOD_MATCH = YES;
				"CODE_SIGN_IDENTITY[sdk=iphoneos*]" = "iPhone Developer";
				COPY_PHASE_STRIP = NO;
				DEBUG_INFORMATION_FORMAT = dwarf;
				ENABLE_STRICT_OBJC_MSGSEND = YES;
				ENABLE_TESTABILITY = YES;
				GCC_C_LANGUAGE_STANDARD = gnu99;
				GCC_DYNAMIC_NO_PIC = NO;
				GCC_NO_COMMON_BLOCKS = YES;
				GCC_OPTIMIZATION_LEVEL = 0;
				GCC_PREPROCESSOR_DEFINITIONS = (
					"DEBUG=1",
					"$(inherited)",
				);
				GCC_WARN_64_TO_32_BIT_CONVERSION = YES;
				GCC_WARN_ABOUT_RETURN_TYPE = YES_ERROR;
				GCC_WARN_UNDECLARED_SELECTOR = YES;
				GCC_WARN_UNINITIALIZED_AUTOS = YES_AGGRESSIVE;
				GCC_WARN_UNUSED_FUNCTION = YES;
				GCC_WARN_UNUSED_VARIABLE = YES;
				IPHONEOS_DEPLOYMENT_TARGET = 10.3;
				MTL_ENABLE_DEBUG_INFO = YES;
				ONLY_ACTIVE_ARCH = YES;
				SDKROOT = iphoneos;
				SWIFT_ACTIVE_COMPILATION_CONDITIONS = DEBUG;
				SWIFT_OPTIMIZATION_LEVEL = "-Onone";
			};
			name = Debug;
		};
		272D43711ECDFC7400C77BE1 /* Release */ = {
			isa = XCBuildConfiguration;
			buildSettings = {
				ALWAYS_SEARCH_USER_PATHS = NO;
				CLANG_ANALYZER_NONNULL = YES;
				CLANG_ANALYZER_NUMBER_OBJECT_CONVERSION = YES_AGGRESSIVE;
				CLANG_CXX_LANGUAGE_STANDARD = "gnu++0x";
				CLANG_CXX_LIBRARY = "libc++";
				CLANG_ENABLE_MODULES = YES;
				CLANG_ENABLE_OBJC_ARC = YES;
				CLANG_WARN_BOOL_CONVERSION = YES;
				CLANG_WARN_CONSTANT_CONVERSION = YES;
				CLANG_WARN_DIRECT_OBJC_ISA_USAGE = YES_ERROR;
				CLANG_WARN_DOCUMENTATION_COMMENTS = YES;
				CLANG_WARN_EMPTY_BODY = YES;
				CLANG_WARN_ENUM_CONVERSION = YES;
				CLANG_WARN_INFINITE_RECURSION = YES;
				CLANG_WARN_INT_CONVERSION = YES;
				CLANG_WARN_OBJC_ROOT_CLASS = YES_ERROR;
				CLANG_WARN_SUSPICIOUS_MOVE = YES;
				CLANG_WARN_UNREACHABLE_CODE = YES;
				CLANG_WARN__DUPLICATE_METHOD_MATCH = YES;
				"CODE_SIGN_IDENTITY[sdk=iphoneos*]" = "iPhone Developer";
				COPY_PHASE_STRIP = NO;
				DEBUG_INFORMATION_FORMAT = "dwarf-with-dsym";
				ENABLE_NS_ASSERTIONS = NO;
				ENABLE_STRICT_OBJC_MSGSEND = YES;
				GCC_C_LANGUAGE_STANDARD = gnu99;
				GCC_NO_COMMON_BLOCKS = YES;
				GCC_WARN_64_TO_32_BIT_CONVERSION = YES;
				GCC_WARN_ABOUT_RETURN_TYPE = YES_ERROR;
				GCC_WARN_UNDECLARED_SELECTOR = YES;
				GCC_WARN_UNINITIALIZED_AUTOS = YES_AGGRESSIVE;
				GCC_WARN_UNUSED_FUNCTION = YES;
				GCC_WARN_UNUSED_VARIABLE = YES;
				IPHONEOS_DEPLOYMENT_TARGET = 10.3;
				MTL_ENABLE_DEBUG_INFO = NO;
				SDKROOT = iphoneos;
				SWIFT_OPTIMIZATION_LEVEL = "-Owholemodule";
				VALIDATE_PRODUCT = YES;
			};
			name = Release;
		};
		272D43731ECDFC7400C77BE1 /* Debug */ = {
			isa = XCBuildConfiguration;
			buildSettings = {
				ASSETCATALOG_COMPILER_APPICON_NAME = AppIcon;
				INFOPLIST_FILE = DreamLister/Info.plist;
				LD_RUNPATH_SEARCH_PATHS = "$(inherited) @executable_path/Frameworks";
				PRODUCT_BUNDLE_IDENTIFIER = logo.DreamLister;
				PRODUCT_NAME = "$(TARGET_NAME)";
				SWIFT_VERSION = 3.0;
			};
			name = Debug;
		};
		272D43741ECDFC7400C77BE1 /* Release */ = {
			isa = XCBuildConfiguration;
			buildSettings = {
				ASSETCATALOG_COMPILER_APPICON_NAME = AppIcon;
				INFOPLIST_FILE = DreamLister/Info.plist;
				LD_RUNPATH_SEARCH_PATHS = "$(inherited) @executable_path/Frameworks";
				PRODUCT_BUNDLE_IDENTIFIER = logo.DreamLister;
				PRODUCT_NAME = "$(TARGET_NAME)";
				SWIFT_VERSION = 3.0;
			};
			name = Release;
		};
/* End XCBuildConfiguration section */

/* Begin XCConfigurationList section */
		272D43581ECDFC7400C77BE1 /* Build configuration list for PBXProject "DreamLister" */ = {
			isa = XCConfigurationList;
			buildConfigurations = (
				272D43701ECDFC7400C77BE1 /* Debug */,
				272D43711ECDFC7400C77BE1 /* Release */,
			);
			defaultConfigurationIsVisible = 0;
			defaultConfigurationName = Release;
		};
		272D43721ECDFC7400C77BE1 /* Build configuration list for PBXNativeTarget "DreamLister" */ = {
			isa = XCConfigurationList;
			buildConfigurations = (
				272D43731ECDFC7400C77BE1 /* Debug */,
				272D43741ECDFC7400C77BE1 /* Release */,
			);
			defaultConfigurationIsVisible = 0;
			defaultConfigurationName = Release;
		};
/* End XCConfigurationList section */

/* Begin XCVersionGroup section */
		272D43671ECDFC7400C77BE1 /* DreamLister.xcdatamodeld */ = {
			isa = XCVersionGroup;
			children = (
				272D43681ECDFC7400C77BE1 /* DreamLister.xcdatamodel */,
			);
			currentVersion = 272D43681ECDFC7400C77BE1 /* DreamLister.xcdatamodel */;
			path = DreamLister.xcdatamodeld;
			sourceTree = "<group>";
			versionGroupType = wrapper.xcdatamodel;
		};
/* End XCVersionGroup section */
	};
	rootObject = 272D43551ECDFC7400C77BE1 /* Project object */;
}
